
Microsoft Visual Studio Solution File, Format Version 12.00
# Visual Studio 14
VisualStudioVersion = 14.0.23107.0
MinimumVisualStudioVersion = 10.0.40219.1
Project("{FAE04EC0-301F-11D3-BF4B-00C04F79EFBC}") = "kiemtralan2", "kiemtralan2\kiemtralan2.csproj", "{FCED3733-59CC-400A-9619-9E2270E08E7B}"
EndProject
Global
	GlobalSection(SolutionConfigurationPlatforms) = preSolution
		Debug|Any CPU = Debug|Any CPU
		Release|Any CPU = Release|Any CPU
	EndGlobalSection
	GlobalSection(ProjectConfigurationPlatforms) = postSolution
		{FCED3733-59CC-400A-9619-9E2270E08E7B}.Debug|Any CPU.ActiveCfg = Debug|Any CPU
		{FCED3733-59CC-400A-9619-9E2270E08E7B}.Debug|Any CPU.Build.0 = Debug|Any CPU
		{FCED3733-59CC-400A-9619-9E2270E08E7B}.Release|Any CPU.ActiveCfg = Release|Any CPU
		{FCED3733-59CC-400A-9619-9E2270E08E7B}.Release|Any CPU.Build.0 = Release|Any CPU
	EndGlobalSection
	GlobalSection(SolutionProperties) = preSolution
		HideSolutionNode = FALSE
	EndGlobalSection
EndGlobal
